<?xml version="1.0" encoding="utf-8"?>
<Project ToolsVersion="4.0" xmlns="http://schemas.microsoft.com/developer/msbuild/2003">
  <ItemGroup>
    <Filter Include="API">
      <UniqueIdentifier>{a5fe7182-afdd-4a9b-a6f4-fdd23fd371e3}</UniqueIdentifier>
    </Filter>
    <Filter Include="tool">
      <UniqueIdentifier>{e257eef6-f5ad-4232-836c-e56cac7cbf8c}</UniqueIdentifier>
    </Filter>
    <Filter Include="include">
      <UniqueIdentifier>{2af13583-3e23-41e5-a8eb-1b890a6b7f5a}</UniqueIdentifier>
    </Filter>
    <Filter Include="src">
      <UniqueIdentifier>{c6dcbe58-89cd-4bb3-a323-b1bc2628617f}</UniqueIdentifier>
    </Filter>
  </ItemGroup>
  <ItemGroup>
    <ClInclude Include="..\API\DSmusic.h">
      <Filter>API</Filter>
    </ClInclude>
    <ClInclude Include="include\DSparser.h">
      <Filter>include</Filter>
    </ClInclude>
  </ItemGroup>
  <ItemGroup>
    <ClCompile Include="src\DSparser.cpp">
      <Filter>src</Filter>
    </ClCompile>
    <ClCompile Include="src\DSmusic.cpp">
      <Filter>src</Filter>
    </ClCompile>
    <ClCompile Include="..\src\test.cpp" />
  </ItemGroup>
</Project>